
Microsoft Visual Studio Solution File, Format Version 12.00
# Visual Studio Version 17
VisualStudioVersion = 17.3.32929.385
MinimumVisualStudioVersion = 10.0.40219.1
Project("{9A19103F-16F7-4668-BE54-9A1E7A4F7556}") = "UKParliament.CodeTest.Web", "UKParliament.CodeTest.Web\UKParliament.CodeTest.Web.csproj", "{75165423-4212-4E84-B26F-DB3CAE8E105D}"
EndProject
Project("{9A19103F-16F7-4668-BE54-9A1E7A4F7556}") = "UKParliament.CodeTest.Tests", "UKParliament.CodeTest.Tests\UKParliament.CodeTest.Tests.csproj", "{B8680830-074F-452B-BDBC-59F7964A6B17}"
EndProject
Project("{FAE04EC0-301F-11D3-BF4B-00C04F79EFBC}") = "UKParliament.CodeTest.Infrastructure", "UKParliament.CodeTest.Infrastructure\UKParliament.CodeTest.Infrastructure.csproj", "{A772AB80-431E-4B4E-94F0-36B7C696703A}"
EndProject
Project("{2150E333-8FDC-42A3-9474-1A3956D46DE8}") = "Testing", "Testing", "{02EA681E-C7D8-13C7-8484-4AC65E1B71E8}"
EndProject
Project("{FAE04EC0-301F-11D3-BF4B-00C04F79EFBC}") = "UKParliament.CodeTest.Application", "UKParliament.CodeTest.Application\UKParliament.CodeTest.Application.csproj", "{65340D6C-CBB4-413A-B650-2DC386570329}"
EndProject
Project("{FAE04EC0-301F-11D3-BF4B-00C04F79EFBC}") = "UKParliament.CodeTest.Domain", "UKParliament.CodeTest.Domain\UKParliament.CodeTest.Domain.csproj", "{40EA33B8-259C-4DC1-97E1-3991AECCEEA8}"
EndProject
Global
	GlobalSection(SolutionConfigurationPlatforms) = preSolution
		Debug|Any CPU = Debug|Any CPU
		Release|Any CPU = Release|Any CPU
	EndGlobalSection
	GlobalSection(ProjectConfigurationPlatforms) = postSolution
		{75165423-4212-4E84-B26F-DB3CAE8E105D}.Debug|Any CPU.ActiveCfg = Debug|Any CPU
		{75165423-4212-4E84-B26F-DB3CAE8E105D}.Debug|Any CPU.Build.0 = Debug|Any CPU
		{75165423-4212-4E84-B26F-DB3CAE8E105D}.Release|Any CPU.ActiveCfg = Release|Any CPU
		{75165423-4212-4E84-B26F-DB3CAE8E105D}.Release|Any CPU.Build.0 = Release|Any CPU
		{B8680830-074F-452B-BDBC-59F7964A6B17}.Debug|Any CPU.ActiveCfg = Debug|Any CPU
		{B8680830-074F-452B-BDBC-59F7964A6B17}.Debug|Any CPU.Build.0 = Debug|Any CPU
		{B8680830-074F-452B-BDBC-59F7964A6B17}.Release|Any CPU.ActiveCfg = Release|Any CPU
		{B8680830-074F-452B-BDBC-59F7964A6B17}.Release|Any CPU.Build.0 = Release|Any CPU
		{A772AB80-431E-4B4E-94F0-36B7C696703A}.Debug|Any CPU.ActiveCfg = Debug|Any CPU
		{A772AB80-431E-4B4E-94F0-36B7C696703A}.Debug|Any CPU.Build.0 = Debug|Any CPU
		{A772AB80-431E-4B4E-94F0-36B7C696703A}.Release|Any CPU.ActiveCfg = Release|Any CPU
		{A772AB80-431E-4B4E-94F0-36B7C696703A}.Release|Any CPU.Build.0 = Release|Any CPU
		{65340D6C-CBB4-413A-B650-2DC386570329}.Debug|Any CPU.ActiveCfg = Debug|Any CPU
		{65340D6C-CBB4-413A-B650-2DC386570329}.Debug|Any CPU.Build.0 = Debug|Any CPU
		{65340D6C-CBB4-413A-B650-2DC386570329}.Release|Any CPU.ActiveCfg = Release|Any CPU
		{65340D6C-CBB4-413A-B650-2DC386570329}.Release|Any CPU.Build.0 = Release|Any CPU
		{40EA33B8-259C-4DC1-97E1-3991AECCEEA8}.Debug|Any CPU.ActiveCfg = Debug|Any CPU
		{40EA33B8-259C-4DC1-97E1-3991AECCEEA8}.Debug|Any CPU.Build.0 = Debug|Any CPU
		{40EA33B8-259C-4DC1-97E1-3991AECCEEA8}.Release|Any CPU.ActiveCfg = Release|Any CPU
		{40EA33B8-259C-4DC1-97E1-3991AECCEEA8}.Release|Any CPU.Build.0 = Release|Any CPU
	EndGlobalSection
	GlobalSection(SolutionProperties) = preSolution
		HideSolutionNode = FALSE
	EndGlobalSection
	GlobalSection(NestedProjects) = preSolution
		{B8680830-074F-452B-BDBC-59F7964A6B17} = {02EA681E-C7D8-13C7-8484-4AC65E1B71E8}
	EndGlobalSection
	GlobalSection(ExtensibilityGlobals) = postSolution
		SolutionGuid = {B3BA769F-8BCD-4B34-B4BC-ECCCD848D3A1}
	EndGlobalSection
EndGlobal
